
Microsoft Visual Studio Solution File, Format Version 12.00
# Visual Studio Version 16
VisualStudioVersion = 16.0.31321.278
MinimumVisualStudioVersion = 10.0.40219.1
Project("{FAE04EC0-301F-11D3-BF4B-00C04F79EFBC}") = "BigSchool", "BigSchool\BigSchool.csproj", "{CEF299E3-17D4-40E5-BB8B-036E191CB372}"
EndProject
Global
	GlobalSection(SolutionConfigurationPlatforms) = preSolution
		Debug|Any CPU = Debug|Any CPU
		Release|Any CPU = Release|Any CPU
	EndGlobalSection
	GlobalSection(ProjectConfigurationPlatforms) = postSolution
		{CEF299E3-17D4-40E5-BB8B-036E191CB372}.Debug|Any CPU.ActiveCfg = Debug|Any CPU
		{CEF299E3-17D4-40E5-BB8B-036E191CB372}.Debug|Any CPU.Build.0 = Debug|Any CPU
		{CEF299E3-17D4-40E5-BB8B-036E191CB372}.Release|Any CPU.ActiveCfg = Release|Any CPU
		{CEF299E3-17D4-40E5-BB8B-036E191CB372}.Release|Any CPU.Build.0 = Release|Any CPU
	EndGlobalSection
	GlobalSection(SolutionProperties) = preSolution
		HideSolutionNode = FALSE
	EndGlobalSection
	GlobalSection(ExtensibilityGlobals) = postSolution
		SolutionGuid = {3B9607F5-6B13-4FB4-BE0D-19D57AF2A21C}
	EndGlobalSection
EndGlobal
